<?xml version="1.0" encoding="utf-8"?>
<Project ToolsVersion="4.0" xmlns="http://schemas.microsoft.com/developer/msbuild/2003">
  <ItemGroup>
    <Filter Include="Source Files">
      <UniqueIdentifier>{4FC737F1-C7A5-4376-A066-2A32D752A2FF}</UniqueIdentifier>
      <Extensions>cpp;c;cc;cxx;def;odl;idl;hpj;bat;asm;asmx</Extensions>
    </Filter>
    <Filter Include="Header Files">
      <UniqueIdentifier>{93995380-89BD-4b04-88EB-625FBE52EBFB}</UniqueIdentifier>
      <Extensions>h;hh;hpp;hxx;hm;inl;inc;ipp;xsd</Extensions>
    </Filter>
    <Filter Include="Resource Files">
      <UniqueIdentifier>{67DA6AB6-F800-4c08-8B7A-83BB121AAD01}</UniqueIdentifier>
      <Extensions>rc;ico;cur;bmp;dlg;rc2;rct;bin;rgs;gif;jpg;jpeg;jpe;resx;tiff;tif;png;wav;mfcribbon-ms</Extensions>
    </Filter>
    <Filter Include="Source Files\Controllers">
      <UniqueIdentifier>{4e8ff685-0e57-434b-83cb-5ff7e5675d08}</UniqueIdentifier>
    </Filter>
    <Filter Include="Header Files\Controllers">
      <UniqueIdentifier>{71717e41-05b3-4251-adbb-bee67013fc0c}</UniqueIdentifier>
    </Filter>
  </ItemGroup>
  <ItemGroup>
    <ClCompile Include="..\..\RenderingTools-master\Objects\Chevron.cpp">
      <Filter>Resource Files</Filter>
    </ClCompile>
    <ClCompile Include="..\..\RenderingTools-master\Objects\Circle.cpp">
      <Filter>Resource Files</Filter>
    </ClCompile>
    <ClCompile Include="..\..\RenderingTools-master\Objects\Circle2D.cpp">
      <Filter>Resource Files</Filter>
    </ClCompile>
    <ClCompile Include="..\..\RenderingTools-master\Objects\Cone.cpp">
      <Filter>Resource Files</Filter>
    </ClCompile>
    <ClCompile Include="..\..\RenderingTools-master\Objects\Cube.cpp">
      <Filter>Resource Files</Filter>
    </ClCompile>
    <ClCompile Include="..\..\RenderingTools-master\Objects\Cylinder.cpp">
      <Filter>Resource Files</Filter>
    </ClCompile>
    <ClCompile Include="..\..\RenderingTools-master\Objects\Frustum.cpp">
      <Filter>Resource Files</Filter>
    </ClCompile>
    <ClCompile Include="..\..\RenderingTools-master\Objects\Grid.cpp">
      <Filter>Resource Files</Filter>
    </ClCompile>
    <ClCompile Include="..\..\RenderingTools-master\Objects\Line.cpp">
      <Filter>Resource Files</Filter>
    </ClCompile>
    <ClCompile Include="..\..\RenderingTools-master\Objects\Matrix3.cpp">
      <Filter>Resource Files</Filter>
    </ClCompile>
    <ClCompile Include="..\..\RenderingTools-master\Objects\Plane.cpp">
      <Filter>Resource Files</Filter>
    </ClCompile>
    <ClCompile Include="..\..\RenderingTools-master\Objects\Sphere.cpp">
      <Filter>Resource Files</Filter>
    </ClCompile>
    <ClCompile Include="..\..\RenderingTools-master\Objects\Triangle.cpp">
      <Filter>Resource Files</Filter>
    </ClCompile>
    <ClCompile Include="..\..\RenderingTools-master\Objects\VisualCamera.cpp">
      <Filter>Resource Files</Filter>
    </ClCompile>
    <ClCompile Include="..\..\RenderingTools-master\Extra\CanvasExtensions.cpp">
      <Filter>Resource Files</Filter>
    </ClCompile>
    <ClCompile Include="..\..\RenderingTools-master\Extra\RenderingAssistant.cpp">
      <Filter>Resource Files</Filter>
    </ClCompile>
    <ClCompile Include="..\..\RenderingTools-master\Extra\RenderingMath.cpp">
      <Filter>Resource Files</Filter>
    </ClCompile>
    <ClCompile Include="..\..\RenderingTools-master\Extra\WrapperStructsExtensions.cpp">
      <Filter>Resource Files</Filter>
    </ClCompile>
    <ClCompile Include="HUD.cpp">
      <Filter>Source Files</Filter>
    </ClCompile>
    <ClCompile Include="ReplayReview.cpp">
      <Filter>Source Files</Filter>
    </ClCompile>
    <ClCompile Include="CameraFocusController.cpp">
      <Filter>Source Files\Controllers</Filter>
    </ClCompile>
    <ClCompile Include="CrosshairController.cpp">
      <Filter>Source Files\Controllers</Filter>
    </ClCompile>
    <ClCompile Include="HideHudController.cpp">
      <Filter>Source Files\Controllers</Filter>
    </ClCompile>
    <ClCompile Include="PlayerBoostController.cpp">
      <Filter>Source Files\Controllers</Filter>
    </ClCompile>
    <ClCompile Include="PlayLineController.cpp">
      <Filter>Source Files\Controllers</Filter>
    </ClCompile>
    <ClCompile Include="SetCameraController.cpp">
      <Filter>Source Files\Controllers</Filter>
    </ClCompile>
  </ItemGroup>
  <ItemGroup>
    <ClInclude Include="HUD.h">
      <Filter>Header Files</Filter>
    </ClInclude>
    <ClInclude Include="..\..\RenderingTools-master\Objects\Chevron.h">
      <Filter>Resource Files</Filter>
    </ClInclude>
    <ClInclude Include="..\..\RenderingTools-master\Objects\Circle.h">
      <Filter>Resource Files</Filter>
    </ClInclude>
    <ClInclude Include="..\..\RenderingTools-master\Objects\Circle2D.h">
      <Filter>Resource Files</Filter>
    </ClInclude>
    <ClInclude Include="..\..\RenderingTools-master\Objects\Cone.h">
      <Filter>Resource Files</Filter>
    </ClInclude>
    <ClInclude Include="..\..\RenderingTools-master\Objects\Cube.h">
      <Filter>Resource Files</Filter>
    </ClInclude>
    <ClInclude Include="..\..\RenderingTools-master\Objects\Cylinder.h">
      <Filter>Resource Files</Filter>
    </ClInclude>
    <ClInclude Include="..\..\RenderingTools-master\Objects\Frustum.h">
      <Filter>Resource Files</Filter>
    </ClInclude>
    <ClInclude Include="..\..\RenderingTools-master\Objects\Grid.h">
      <Filter>Resource Files</Filter>
    </ClInclude>
    <ClInclude Include="..\..\RenderingTools-master\Objects\Line.h">
      <Filter>Resource Files</Filter>
    </ClInclude>
    <ClInclude Include="..\..\RenderingTools-master\Objects\Matrix3.h">
      <Filter>Resource Files</Filter>
    </ClInclude>
    <ClInclude Include="..\..\RenderingTools-master\Objects\Plane.h">
      <Filter>Resource Files</Filter>
    </ClInclude>
    <ClInclude Include="..\..\RenderingTools-master\Objects\Sphere.h">
      <Filter>Resource Files</Filter>
    </ClInclude>
    <ClInclude Include="..\..\RenderingTools-master\Objects\Triangle.h">
      <Filter>Resource Files</Filter>
    </ClInclude>
    <ClInclude Include="..\..\RenderingTools-master\Objects\VisualCamera.h">
      <Filter>Resource Files</Filter>
    </ClInclude>
    <ClInclude Include="..\..\RenderingTools-master\RenderingTools.h">
      <Filter>Resource Files</Filter>
    </ClInclude>
    <ClInclude Include="..\..\RenderingTools-master\Extra\CanvasExtensions.h">
      <Filter>Resource Files</Filter>
    </ClInclude>
    <ClInclude Include="..\..\RenderingTools-master\Extra\RenderingAssistant.h">
      <Filter>Resource Files</Filter>
    </ClInclude>
    <ClInclude Include="..\..\RenderingTools-master\Extra\RenderingMath.h">
      <Filter>Resource Files</Filter>
    </ClInclude>
    <ClInclude Include="..\..\RenderingTools-master\Extra\WrapperStructsExtensions.h">
      <Filter>Resource Files</Filter>
    </ClInclude>
    <ClInclude Include="ReplayReview.h">
      <Filter>Header Files</Filter>
    </ClInclude>
    <ClInclude Include="CameraFocusController.h">
      <Filter>Header Files\Controllers</Filter>
    </ClInclude>
    <ClInclude Include="ControllerBase.h">
      <Filter>Header Files\Controllers</Filter>
    </ClInclude>
    <ClInclude Include="CrosshairController.h">
      <Filter>Header Files\Controllers</Filter>
    </ClInclude>
    <ClInclude Include="HideHudController.h">
      <Filter>Header Files\Controllers</Filter>
    </ClInclude>
    <ClInclude Include="PlayerBoostController.h">
      <Filter>Header Files\Controllers</Filter>
    </ClInclude>
    <ClInclude Include="PlayLineController.h">
      <Filter>Header Files\Controllers</Filter>
    </ClInclude>
    <ClInclude Include="SetCameraController.h">
      <Filter>Header Files\Controllers</Filter>
    </ClInclude>
  </ItemGroup>
  <ItemGroup>
    <ResourceCompile Include="ReplayReview.rc">
      <Filter>Resource Files</Filter>
    </ResourceCompile>
  </ItemGroup>
</Project>